Microsoft Visual Studio Solution File, Format Version 12.00
# Visual Studio 15
VisualStudioVersion = 15.0.26124.0
MinimumVisualStudioVersion = 15.0.26124.0
Project("{FAE04EC0-301F-11D3-BF4B-00C04F79EFBC}") = "infCore.Client", "Client\infCore.Client.csproj", "{8C453FD0-6103-4B3C-B1AB-48CBF6896DD8}"
EndProject
Project("{FAE04EC0-301F-11D3-BF4B-00C04F79EFBC}") = "infCore.Server", "Server\infCore.Server.csproj", "{FC20A184-A63B-439D-8B4A-EE89EDAEF06E}"
EndProject
Global
	GlobalSection(SolutionConfigurationPlatforms) = preSolution
		Debug|Any CPU = Debug|Any CPU
		Release|Any CPU = Release|Any CPU
	EndGlobalSection
	GlobalSection(SolutionProperties) = preSolution
		HideSolutionNode = FALSE
	EndGlobalSection
	GlobalSection(ProjectConfigurationPlatforms) = postSolution
		{8C453FD0-6103-4B3C-B1AB-48CBF6896DD8}.Debug|Any CPU.ActiveCfg = Debug|Any CPU
		{8C453FD0-6103-4B3C-B1AB-48CBF6896DD8}.Debug|Any CPU.Build.0 = Debug|Any CPU
		{8C453FD0-6103-4B3C-B1AB-48CBF6896DD8}.Release|Any CPU.ActiveCfg = Release|Any CPU
		{8C453FD0-6103-4B3C-B1AB-48CBF6896DD8}.Release|Any CPU.Build.0 = Release|Any CPU
		{FC20A184-A63B-439D-8B4A-EE89EDAEF06E}.Debug|Any CPU.ActiveCfg = Debug|Any CPU
		{FC20A184-A63B-439D-8B4A-EE89EDAEF06E}.Debug|Any CPU.Build.0 = Debug|Any CPU
		{FC20A184-A63B-439D-8B4A-EE89EDAEF06E}.Release|Any CPU.ActiveCfg = Release|Any CPU
		{FC20A184-A63B-439D-8B4A-EE89EDAEF06E}.Release|Any CPU.Build.0 = Release|Any CPU
	EndGlobalSection
EndGlobal
